<?xml version="1.0" encoding="utf-8"?>
<Project ToolsVersion="4.0" xmlns="http://schemas.microsoft.com/developer/msbuild/2003">
  <ItemGroup>
    <Filter Include="Source Files">
      <UniqueIdentifier>{4FC737F1-C7A5-4376-A066-2A32D752A2FF}</UniqueIdentifier>
      <Extensions>cpp;c;cc;cxx;c++;def;odl;idl;hpj;bat;asm;asmx</Extensions>
    </Filter>
    <Filter Include="Source Files\math">
      <UniqueIdentifier>{30947f2c-2850-4568-9fa5-ba5a912a4785}</UniqueIdentifier>
    </Filter>
    <Filter Include="Source Files\math\wide_integer">
      <UniqueIdentifier>{90fa4f21-aa8e-4f0e-bf1c-3ef9fba1c4e3}</UniqueIdentifier>
    </Filter>
  </ItemGroup>
  <ItemGroup>
    <ClInclude Include="math\wide_integer\generic_template_uintwide_t.h">
      <Filter>Source Files\math\wide_integer</Filter>
    </ClInclude>
  </ItemGroup>
  <ItemGroup>
    <ClCompile Include="test_sqrt.cpp">
      <Filter>Source Files</Filter>
    </ClCompile>
  </ItemGroup>
</Project>